// !$*UTF8*$!
{
	archiveVersion = 1;
	classes = {
	};
	objectVersion = 51;
	objects = {

/* Begin PBXBuildFile section */
		C3614D1A249FC547005ED2F4 /* Item.swift in Sources */ = {isa = PBXBuildFile; fileRef = C3614D19249FC547005ED2F4 /* Item.swift */; };
		C3614D1C249FC54F005ED2F4 /* Category.swift in Sources */ = {isa = PBXBuildFile; fileRef = C3614D1B249FC54F005ED2F4 /* Category.swift */; };
		C37288422492EEEB00F08349 /* AppDelegate.swift in Sources */ = {isa = PBXBuildFile; fileRef = C37288412492EEEB00F08349 /* AppDelegate.swift */; };
		C37288442492EEEB00F08349 /* SceneDelegate.swift in Sources */ = {isa = PBXBuildFile; fileRef = C37288432492EEEB00F08349 /* SceneDelegate.swift */; };
		C37288462492EEEB00F08349 /* TodoListViewController.swift in Sources */ = {isa = PBXBuildFile; fileRef = C37288452492EEEB00F08349 /* TodoListViewController.swift */; };
		C37288492492EEEB00F08349 /* Main.storyboard in Resources */ = {isa = PBXBuildFile; fileRef = C37288472492EEEB00F08349 /* Main.storyboard */; };
		C372884B2492EEEE00F08349 /* Assets.xcassets in Resources */ = {isa = PBXBuildFile; fileRef = C372884A2492EEEE00F08349 /* Assets.xcassets */; };
		C372884E2492EEEE00F08349 /* LaunchScreen.storyboard in Resources */ = {isa = PBXBuildFile; fileRef = C372884C2492EEEE00F08349 /* LaunchScreen.storyboard */; };
		C37655D8249E8BD90050DDAC /* CategoryViewController.swift in Sources */ = {isa = PBXBuildFile; fileRef = C37655D7249E8BD90050DDAC /* CategoryViewController.swift */; };
		EBDAD86B8F3A0BACA06FFEBC /* Pods_ToDoey.framework in Frameworks */ = {isa = PBXBuildFile; fileRef = DB63AEF380ED7F90CE725121 /* Pods_ToDoey.framework */; };
/* End PBXBuildFile section */

/* Begin PBXFileReference section */
		6B5DF7DE062483F500CFCE7B /* Pods-ToDoey.debug.xcconfig */ = {isa = PBXFileReference; includeInIndex = 1; lastKnownFileType = text.xcconfig; name = "Pods-ToDoey.debug.xcconfig"; path = "Target Support Files/Pods-ToDoey/Pods-ToDoey.debug.xcconfig"; sourceTree = "<group>"; };
		8DDEB7B171CC0F658083565C /* Pods-ToDoey.release.xcconfig */ = {isa = PBXFileReference; includeInIndex = 1; lastKnownFileType = text.xcconfig; name = "Pods-ToDoey.release.xcconfig"; path = "Target Support Files/Pods-ToDoey/Pods-ToDoey.release.xcconfig"; sourceTree = "<group>"; };
		C3614D19249FC547005ED2F4 /* Item.swift */ = {isa = PBXFileReference; lastKnownFileType = sourcecode.swift; path = Item.swift; sourceTree = "<group>"; };
		C3614D1B249FC54F005ED2F4 /* Category.swift */ = {isa = PBXFileReference; lastKnownFileType = sourcecode.swift; path = Category.swift; sourceTree = "<group>"; };
		C372883E2492EEEB00F08349 /* ToDoey.app */ = {isa = PBXFileReference; explicitFileType = wrapper.application; includeInIndex = 0; path = ToDoey.app; sourceTree = BUILT_PRODUCTS_DIR; };
		C37288412492EEEB00F08349 /* AppDelegate.swift */ = {isa = PBXFileReference; lastKnownFileType = sourcecode.swift; path = AppDelegate.swift; sourceTree = "<group>"; };
		C37288432492EEEB00F08349 /* SceneDelegate.swift */ = {isa = PBXFileReference; lastKnownFileType = sourcecode.swift; path = SceneDelegate.swift; sourceTree = "<group>"; };
		C37288452492EEEB00F08349 /* TodoListViewController.swift */ = {isa = PBXFileReference; lastKnownFileType = sourcecode.swift; path = TodoListViewController.swift; sourceTree = "<group>"; };
		C37288482492EEEB00F08349 /* Base */ = {isa = PBXFileReference; lastKnownFileType = file.storyboard; name = Base; path = Base.lproj/Main.storyboard; sourceTree = "<group>"; };
		C372884A2492EEEE00F08349 /* Assets.xcassets */ = {isa = PBXFileReference; lastKnownFileType = folder.assetcatalog; path = Assets.xcassets; sourceTree = "<group>"; };
		C372884D2492EEEE00F08349 /* Base */ = {isa = PBXFileReference; lastKnownFileType = file.storyboard; name = Base; path = Base.lproj/LaunchScreen.storyboard; sourceTree = "<group>"; };
		C372884F2492EEEE00F08349 /* Info.plist */ = {isa = PBXFileReference; lastKnownFileType = text.plist.xml; path = Info.plist; sourceTree = "<group>"; };
		C37655D7249E8BD90050DDAC /* CategoryViewController.swift */ = {isa = PBXFileReference; lastKnownFileType = sourcecode.swift; path = CategoryViewController.swift; sourceTree = "<group>"; };
		DB63AEF380ED7F90CE725121 /* Pods_ToDoey.framework */ = {isa = PBXFileReference; explicitFileType = wrapper.framework; includeInIndex = 0; path = Pods_ToDoey.framework; sourceTree = BUILT_PRODUCTS_DIR; };
/* End PBXFileReference section */

/* Begin PBXFrameworksBuildPhase section */
		C372883B2492EEEB00F08349 /* Frameworks */ = {
			isa = PBXFrameworksBuildPhase;
			buildActionMask = 2147483647;
			files = (
				EBDAD86B8F3A0BACA06FFEBC /* Pods_ToDoey.framework in Frameworks */,
			);
			runOnlyForDeploymentPostprocessing = 0;
		};
/* End PBXFrameworksBuildPhase section */

/* Begin PBXGroup section */
		11F56DD16045E517640132E4 /* Frameworks */ = {
			isa = PBXGroup;
			children = (
				DB63AEF380ED7F90CE725121 /* Pods_ToDoey.framework */,
			);
			name = Frameworks;
			sourceTree = "<group>";
		};
		A57A6FEE07AD72E4D3985C8B /* Pods */ = {
			isa = PBXGroup;
			children = (
				6B5DF7DE062483F500CFCE7B /* Pods-ToDoey.debug.xcconfig */,
				8DDEB7B171CC0F658083565C /* Pods-ToDoey.release.xcconfig */,
			);
			path = Pods;
			sourceTree = "<group>";
		};
		C37288352492EEEB00F08349 = {
			isa = PBXGroup;
			children = (
				C37288402492EEEB00F08349 /* ToDoey */,
				C372883F2492EEEB00F08349 /* Products */,
				A57A6FEE07AD72E4D3985C8B /* Pods */,
				11F56DD16045E517640132E4 /* Frameworks */,
			);
			sourceTree = "<group>";
		};
		C372883F2492EEEB00F08349 /* Products */ = {
			isa = PBXGroup;
			children = (
				C372883E2492EEEB00F08349 /* ToDoey.app */,
			);
			name = Products;
			sourceTree = "<group>";
		};
		C37288402492EEEB00F08349 /* ToDoey */ = {
			isa = PBXGroup;
			children = (
				C37288412492EEEB00F08349 /* AppDelegate.swift */,
				C3B00C8D2495AEF800AF042A /* Data Model */,
				C37288432492EEEB00F08349 /* SceneDelegate.swift */,
				C3B00C8E2495AF1F00AF042A /* Controllers */,
				C3B00C8F2495AF3B00AF042A /* Views */,
				C3B00C902495AF4C00AF042A /* Supporting Files */,
				C372884F2492EEEE00F08349 /* Info.plist */,
			);
			path = ToDoey;
			sourceTree = "<group>";
		};
		C3B00C8D2495AEF800AF042A /* Data Model */ = {
			isa = PBXGroup;
			children = (
				C3614D19249FC547005ED2F4 /* Item.swift */,
				C3614D1B249FC54F005ED2F4 /* Category.swift */,
			);
			path = "Data Model";
			sourceTree = "<group>";
		};
		C3B00C8E2495AF1F00AF042A /* Controllers */ = {
			isa = PBXGroup;
			children = (
				C37655D7249E8BD90050DDAC /* CategoryViewController.swift */,
				C37288452492EEEB00F08349 /* TodoListViewController.swift */,
			);
			path = Controllers;
			sourceTree = "<group>";
		};
		C3B00C8F2495AF3B00AF042A /* Views */ = {
			isa = PBXGroup;
			children = (
				C37288472492EEEB00F08349 /* Main.storyboard */,
			);
			path = Views;
			sourceTree = "<group>";
		};
		C3B00C902495AF4C00AF042A /* Supporting Files */ = {
			isa = PBXGroup;
			children = (
				C372884A2492EEEE00F08349 /* Assets.xcassets */,
				C372884C2492EEEE00F08349 /* LaunchScreen.storyboard */,
			);
			path = "Supporting Files";
			sourceTree = "<group>";
		};
/* End PBXGroup section */

/* Begin PBXNativeTarget section */
		C372883D2492EEEB00F08349 /* ToDoey */ = {
			isa = PBXNativeTarget;
			buildConfigurationList = C37288522492EEEE00F08349 /* Build configuration list for PBXNativeTarget "ToDoey" */;
			buildPhases = (
				802DDC5FE120BFF5EAEEE24A /* [CP] Check Pods Manifest.lock */,
				C372883A2492EEEB00F08349 /* Sources */,
				C372883B2492EEEB00F08349 /* Frameworks */,
				C372883C2492EEEB00F08349 /* Resources */,
				EF375BCF832E85708B9E171F /* [CP] Embed Pods Frameworks */,
			);
			buildRules = (
			);
			dependencies = (
			);
			name = ToDoey;
			productName = ToDoey;
			productReference = C372883E2492EEEB00F08349 /* ToDoey.app */;
			productType = "com.apple.product-type.application";
		};
/* End PBXNativeTarget section */

/* Begin PBXProject section */
		C37288362492EEEB00F08349 /* Project object */ = {
			isa = PBXProject;
			attributes = {
				LastSwiftUpdateCheck = 1150;
				LastUpgradeCheck = 1150;
				ORGANIZATIONNAME = "Andrew Freire";
				TargetAttributes = {
					C372883D2492EEEB00F08349 = {
						CreatedOnToolsVersion = 11.5;
					};
				};
			};
			buildConfigurationList = C37288392492EEEB00F08349 /* Build configuration list for PBXProject "ToDoey" */;
			compatibilityVersion = "Xcode 9.3";
			developmentRegion = en;
			hasScannedForEncodings = 0;
			knownRegions = (
				en,
				Base,
			);
			mainGroup = C37288352492EEEB00F08349;
			productRefGroup = C372883F2492EEEB00F08349 /* Products */;
			projectDirPath = "";
			projectRoot = "";
			targets = (
				C372883D2492EEEB00F08349 /* ToDoey */,
			);
		};
/* End PBXProject section */

/* Begin PBXResourcesBuildPhase section */
		C372883C2492EEEB00F08349 /* Resources */ = {
			isa = PBXResourcesBuildPhase;
			buildActionMask = 2147483647;
			files = (
				C372884E2492EEEE00F08349 /* LaunchScreen.storyboard in Resources */,
				C372884B2492EEEE00F08349 /* Assets.xcassets in Resources */,
				C37288492492EEEB00F08349 /* Main.storyboard in Resources */,
			);
			runOnlyForDeploymentPostprocessing = 0;
		};
/* End PBXResourcesBuildPhase section */

/* Begin PBXShellScriptBuildPhase section */
		802DDC5FE120BFF5EAEEE24A /* [CP] Check Pods Manifest.lock */ = {
			isa = PBXShellScriptBuildPhase;
			buildActionMask = 2147483647;
			files = (
			);
			inputFileListPaths = (
			);
			inputPaths = (
				"${PODS_PODFILE_DIR_PATH}/Podfile.lock",
				"${PODS_ROOT}/Manifest.lock",
			);
			name = "[CP] Check Pods Manifest.lock";
			outputFileListPaths = (
			);
			outputPaths = (
				"$(DERIVED_FILE_DIR)/Pods-ToDoey-checkManifestLockResult.txt",
			);
			runOnlyForDeploymentPostprocessing = 0;
			shellPath = /bin/sh;
			shellScript = "diff \"${PODS_PODFILE_DIR_PATH}/Podfile.lock\" \"${PODS_ROOT}/Manifest.lock\" > /dev/null\nif [ $? != 0 ] ; then\n    # print error to STDERR\n    echo \"error: The sandbox is not in sync with the Podfile.lock. Run 'pod install' or update your CocoaPods installation.\" >&2\n    exit 1\nfi\n# This output is used by Xcode 'outputs' to avoid re-running this script phase.\necho \"SUCCESS\" > \"${SCRIPT_OUTPUT_FILE_0}\"\n";
			showEnvVarsInLog = 0;
		};
		EF375BCF832E85708B9E171F /* [CP] Embed Pods Frameworks */ = {
			isa = PBXShellScriptBuildPhase;
			buildActionMask = 2147483647;
			files = (
			);
			inputFileListPaths = (
				"${PODS_ROOT}/Target Support Files/Pods-ToDoey/Pods-ToDoey-frameworks-${CONFIGURATION}-input-files.xcfilelist",
			);
			name = "[CP] Embed Pods Frameworks";
			outputFileListPaths = (
				"${PODS_ROOT}/Target Support Files/Pods-ToDoey/Pods-ToDoey-frameworks-${CONFIGURATION}-output-files.xcfilelist",
			);
			runOnlyForDeploymentPostprocessing = 0;
			shellPath = /bin/sh;
			shellScript = "\"${PODS_ROOT}/Target Support Files/Pods-ToDoey/Pods-ToDoey-frameworks.sh\"\n";
			showEnvVarsInLog = 0;
		};
/* End PBXShellScriptBuildPhase section */

/* Begin PBXSourcesBuildPhase section */
		C372883A2492EEEB00F08349 /* Sources */ = {
			isa = PBXSourcesBuildPhase;
			buildActionMask = 2147483647;
			files = (
				C37655D8249E8BD90050DDAC /* CategoryViewController.swift in Sources */,
				C37288462492EEEB00F08349 /* TodoListViewController.swift in Sources */,
				C37288422492EEEB00F08349 /* AppDelegate.swift in Sources */,
				C3614D1A249FC547005ED2F4 /* Item.swift in Sources */,
				C37288442492EEEB00F08349 /* SceneDelegate.swift in Sources */,
				C3614D1C249FC54F005ED2F4 /* Category.swift in Sources */,
			);
			runOnlyForDeploymentPostprocessing = 0;
		};
/* End PBXSourcesBuildPhase section */

/* Begin PBXVariantGroup section */
		C37288472492EEEB00F08349 /* Main.storyboard */ = {
			isa = PBXVariantGroup;
			children = (
				C37288482492EEEB00F08349 /* Base */,
			);
			name = Main.storyboard;
			sourceTree = "<group>";
		};
		C372884C2492EEEE00F08349 /* LaunchScreen.storyboard */ = {
			isa = PBXVariantGroup;
			children = (
				C372884D2492EEEE00F08349 /* Base */,
			);
			name = LaunchScreen.storyboard;
			sourceTree = "<group>";
		};
/* End PBXVariantGroup section */

/* Begin XCBuildConfiguration section */
		C37288502492EEEE00F08349 /* Debug */ = {
			isa = XCBuildConfiguration;
			buildSettings = {
				ALWAYS_SEARCH_USER_PATHS = NO;
				CLANG_ANALYZER_NONNULL = YES;
				CLANG_ANALYZER_NUMBER_OBJECT_CONVERSION = YES_AGGRESSIVE;
				CLANG_CXX_LANGUAGE_STANDARD = "gnu++14";
				CLANG_CXX_LIBRARY = "libc++";
				CLANG_ENABLE_MODULES = YES;
				CLANG_ENABLE_OBJC_ARC = YES;
				CLANG_ENABLE_OBJC_WEAK = YES;
				CLANG_WARN_BLOCK_CAPTURE_AUTORELEASING = YES;
				CLANG_WARN_BOOL_CONVERSION = YES;
				CLANG_WARN_COMMA = YES;
				CLANG_WARN_CONSTANT_CONVERSION = YES;
				CLANG_WARN_DEPRECATED_OBJC_IMPLEMENTATIONS = YES;
				CLANG_WARN_DIRECT_OBJC_ISA_USAGE = YES_ERROR;
				CLANG_WARN_DOCUMENTATION_COMMENTS = YES;
				CLANG_WARN_EMPTY_BODY = YES;
				CLANG_WARN_ENUM_CONVERSION = YES;
				CLANG_WARN_INFINITE_RECURSION = YES;
				CLANG_WARN_INT_CONVERSION = YES;
				CLANG_WARN_NON_LITERAL_NULL_CONVERSION = YES;
				CLANG_WARN_OBJC_IMPLICIT_RETAIN_SELF = YES;
				CLANG_WARN_OBJC_LITERAL_CONVERSION = YES;
				CLANG_WARN_OBJC_ROOT_CLASS = YES_ERROR;
				CLANG_WARN_RANGE_LOOP_ANALYSIS = YES;
				CLANG_WARN_STRICT_PROTOTYPES = YES;
				CLANG_WARN_SUSPICIOUS_MOVE = YES;
				CLANG_WARN_UNGUARDED_AVAILABILITY = YES_AGGRESSIVE;
				CLANG_WARN_UNREACHABLE_CODE = YES;
				CLANG_WARN__DUPLICATE_METHOD_MATCH = YES;
				COPY_PHASE_STRIP = NO;
				DEBUG_INFORMATION_FORMAT = dwarf;
				ENABLE_STRICT_OBJC_MSGSEND = YES;
				ENABLE_TESTABILITY = YES;
				GCC_C_LANGUAGE_STANDARD = gnu11;
				GCC_DYNAMIC_NO_PIC = NO;
				GCC_NO_COMMON_BLOCKS = YES;
				GCC_OPTIMIZATION_LEVEL = 0;
				GCC_PREPROCESSOR_DEFINITIONS = (
					"DEBUG=1",
					"$(inherited)",
				);
				GCC_WARN_64_TO_32_BIT_CONVERSION = YES;
				GCC_WARN_ABOUT_RETURN_TYPE = YES_ERROR;
				GCC_WARN_UNDECLARED_SELECTOR = YES;
				GCC_WARN_UNINITIALIZED_AUTOS = YES_AGGRESSIVE;
				GCC_WARN_UNUSED_FUNCTION = YES;
				GCC_WARN_UNUSED_VARIABLE = YES;
				IPHONEOS_DEPLOYMENT_TARGET = 13.5;
				MTL_ENABLE_DEBUG_INFO = INCLUDE_SOURCE;
				MTL_FAST_MATH = YES;
				ONLY_ACTIVE_ARCH = YES;
				SDKROOT = iphoneos;
				SWIFT_ACTIVE_COMPILATION_CONDITIONS = DEBUG;
				SWIFT_OPTIMIZATION_LEVEL = "-Onone";
			};
			name = Debug;
		};
		C37288512492EEEE00F08349 /* Release */ = {
			isa = XCBuildConfiguration;
			buildSettings = {
				ALWAYS_SEARCH_USER_PATHS = NO;
				CLANG_ANALYZER_NONNULL = YES;
				CLANG_ANALYZER_NUMBER_OBJECT_CONVERSION = YES_AGGRESSIVE;
				CLANG_CXX_LANGUAGE_STANDARD = "gnu++14";
				CLANG_CXX_LIBRARY = "libc++";
				CLANG_ENABLE_MODULES = YES;
				CLANG_ENABLE_OBJC_ARC = YES;
				CLANG_ENABLE_OBJC_WEAK = YES;
				CLANG_WARN_BLOCK_CAPTURE_AUTORELEASING = YES;
				CLANG_WARN_BOOL_CONVERSION = YES;
				CLANG_WARN_COMMA = YES;
				CLANG_WARN_CONSTANT_CONVERSION = YES;
				CLANG_WARN_DEPRECATED_OBJC_IMPLEMENTATIONS = YES;
				CLANG_WARN_DIRECT_OBJC_ISA_USAGE = YES_ERROR;
				CLANG_WARN_DOCUMENTATION_COMMENTS = YES;
				CLANG_WARN_EMPTY_BODY = YES;
				CLANG_WARN_ENUM_CONVERSION = YES;
				CLANG_WARN_INFINITE_RECURSION = YES;
				CLANG_WARN_INT_CONVERSION = YES;
				CLANG_WARN_NON_LITERAL_NULL_CONVERSION = YES;
				CLANG_WARN_OBJC_IMPLICIT_RETAIN_SELF = YES;
				CLANG_WARN_OBJC_LITERAL_CONVERSION = YES;
				CLANG_WARN_OBJC_ROOT_CLASS = YES_ERROR;
				CLANG_WARN_RANGE_LOOP_ANALYSIS = YES;
				CLANG_WARN_STRICT_PROTOTYPES = YES;
				CLANG_WARN_SUSPICIOUS_MOVE = YES;
				CLANG_WARN_UNGUARDED_AVAILABILITY = YES_AGGRESSIVE;
				CLANG_WARN_UNREACHABLE_CODE = YES;
				CLANG_WARN__DUPLICATE_METHOD_MATCH = YES;
				COPY_PHASE_STRIP = NO;
				DEBUG_INFORMATION_FORMAT = "dwarf-with-dsym";
				ENABLE_NS_ASSERTIONS = NO;
				ENABLE_STRICT_OBJC_MSGSEND = YES;
				GCC_C_LANGUAGE_STANDARD = gnu11;
				GCC_NO_COMMON_BLOCKS = YES;
				GCC_WARN_64_TO_32_BIT_CONVERSION = YES;
				GCC_WARN_ABOUT_RETURN_TYPE = YES_ERROR;
				GCC_WARN_UNDECLARED_SELECTOR = YES;
				GCC_WARN_UNINITIALIZED_AUTOS = YES_AGGRESSIVE;
				GCC_WARN_UNUSED_FUNCTION = YES;
				GCC_WARN_UNUSED_VARIABLE = YES;
				IPHONEOS_DEPLOYMENT_TARGET = 13.5;
				MTL_ENABLE_DEBUG_INFO = NO;
				MTL_FAST_MATH = YES;
				SDKROOT = iphoneos;
				SWIFT_COMPILATION_MODE = wholemodule;
				SWIFT_OPTIMIZATION_LEVEL = "-O";
				VALIDATE_PRODUCT = YES;
			};
			name = Release;
		};
		C37288532492EEEE00F08349 /* Debug */ = {
			isa = XCBuildConfiguration;
			baseConfigurationReference = 6B5DF7DE062483F500CFCE7B /* Pods-ToDoey.debug.xcconfig */;
			buildSettings = {
				ASSETCATALOG_COMPILER_APPICON_NAME = AppIcon;
				CODE_SIGN_STYLE = Automatic;
				DEVELOPMENT_TEAM = 569967399A;
				INFOPLIST_FILE = ToDoey/Info.plist;
				LD_RUNPATH_SEARCH_PATHS = (
					"$(inherited)",
					"@executable_path/Frameworks",
				);
				PRODUCT_BUNDLE_IDENTIFIER = com.AndrewFreire.ToDoey;
				PRODUCT_NAME = "$(TARGET_NAME)";
				SWIFT_VERSION = 5.0;
				TARGETED_DEVICE_FAMILY = "1,2";
			};
			name = Debug;
		};
		C37288542492EEEE00F08349 /* Release */ = {
			isa = XCBuildConfiguration;
			baseConfigurationReference = 8DDEB7B171CC0F658083565C /* Pods-ToDoey.release.xcconfig */;
			buildSettings = {
				ASSETCATALOG_COMPILER_APPICON_NAME = AppIcon;
				CODE_SIGN_STYLE = Automatic;
				DEVELOPMENT_TEAM = 569967399A;
				INFOPLIST_FILE = ToDoey/Info.plist;
				LD_RUNPATH_SEARCH_PATHS = (
					"$(inherited)",
					"@executable_path/Frameworks",
				);
				PRODUCT_BUNDLE_IDENTIFIER = com.AndrewFreire.ToDoey;
				PRODUCT_NAME = "$(TARGET_NAME)";
				SWIFT_VERSION = 5.0;
				TARGETED_DEVICE_FAMILY = "1,2";
			};
			name = Release;
		};
/* End XCBuildConfiguration section */

/* Begin XCConfigurationList section */
		C37288392492EEEB00F08349 /* Build configuration list for PBXProject "ToDoey" */ = {
			isa = XCConfigurationList;
			buildConfigurations = (
				C37288502492EEEE00F08349 /* Debug */,
				C37288512492EEEE00F08349 /* Release */,
			);
			defaultConfigurationIsVisible = 0;
			defaultConfigurationName = Release;
		};
		C37288522492EEEE00F08349 /* Build configuration list for PBXNativeTarget "ToDoey" */ = {
			isa = XCConfigurationList;
			buildConfigurations = (
				C37288532492EEEE00F08349 /* Debug */,
				C37288542492EEEE00F08349 /* Release */,
			);
			defaultConfigurationIsVisible = 0;
			defaultConfigurationName = Release;
		};
/* End XCConfigurationList section */
	};
	rootObject = C37288362492EEEB00F08349 /* Project object */;
}
